// !$*UTF8*$!
{
	archiveVersion = 1;
	classes = {
	};
	objectVersion = 46;
	objects = {

/* Begin PBXBuildFile section */
		5EF579E317A8D7F700035368 /* UIKit.framework in Frameworks */ = {isa = PBXBuildFile; fileRef = 5EF579E217A8D7F700035368 /* UIKit.framework */; };
		5EF579E517A8D7F700035368 /* Foundation.framework in Frameworks */ = {isa = PBXBuildFile; fileRef = 5EF579E417A8D7F700035368 /* Foundation.framework */; };
		5EF579E717A8D7F700035368 /* CoreGraphics.framework in Frameworks */ = {isa = PBXBuildFile; fileRef = 5EF579E617A8D7F700035368 /* CoreGraphics.framework */; };
		5EF579ED17A8D7F700035368 /* InfoPlist.strings in Resources */ = {isa = PBXBuildFile; fileRef = 5EF579EB17A8D7F700035368 /* InfoPlist.strings */; };
		5EF579EF17A8D7F700035368 /* main.m in Sources */ = {isa = PBXBuildFile; fileRef = 5EF579EE17A8D7F700035368 /* main.m */; };
		5EF579F317A8D7F700035368 /* AppDelegate.m in Sources */ = {isa = PBXBuildFile; fileRef = 5EF579F217A8D7F700035368 /* AppDelegate.m */; };
		5EF579F517A8D7F700035368 /* Default.png in Resources */ = {isa = PBXBuildFile; fileRef = 5EF579F417A8D7F700035368 /* Default.png */; };
		5EF579F717A8D7F700035368 /* Default@2x.png in Resources */ = {isa = PBXBuildFile; fileRef = 5EF579F617A8D7F700035368 /* Default@2x.png */; };
		5EF579F917A8D7F700035368 /* Default-568h@2x.png in Resources */ = {isa = PBXBuildFile; fileRef = 5EF579F817A8D7F700035368 /* Default-568h@2x.png */; };
		5EF579FC17A8D7F700035368 /* ViewController.m in Sources */ = {isa = PBXBuildFile; fileRef = 5EF579FB17A8D7F700035368 /* ViewController.m */; };
		5EF579FF17A8D7F700035368 /* ViewController.xib in Resources */ = {isa = PBXBuildFile; fileRef = 5EF579FD17A8D7F700035368 /* ViewController.xib */; };
/* End PBXBuildFile section */

/* Begin PBXFileReference section */
		5EF579DF17A8D7F700035368 /* Renvela.app */ = {isa = PBXFileReference; explicitFileType = wrapper.application; includeInIndex = 0; path = Renvela.app; sourceTree = BUILT_PRODUCTS_DIR; };
		5EF579E217A8D7F700035368 /* UIKit.framework */ = {isa = PBXFileReference; lastKnownFileType = wrapper.framework; name = UIKit.framework; path = System/Library/Frameworks/UIKit.framework; sourceTree = SDKROOT; };
		5EF579E417A8D7F700035368 /* Foundation.framework */ = {isa = PBXFileReference; lastKnownFileType = wrapper.framework; name = Foundation.framework; path = System/Library/Frameworks/Foundation.framework; sourceTree = SDKROOT; };
		5EF579E617A8D7F700035368 /* CoreGraphics.framework */ = {isa = PBXFileReference; lastKnownFileType = wrapper.framework; name = CoreGraphics.framework; path = System/Library/Frameworks/CoreGraphics.framework; sourceTree = SDKROOT; };
		5EF579EA17A8D7F700035368 /* Renvela-Info.plist */ = {isa = PBXFileReference; lastKnownFileType = text.plist.xml; path = "Renvela-Info.plist"; sourceTree = "<group>"; };
		5EF579EC17A8D7F700035368 /* en */ = {isa = PBXFileReference; lastKnownFileType = text.plist.strings; name = en; path = en.lproj/InfoPlist.strings; sourceTree = "<group>"; };
		5EF579EE17A8D7F700035368 /* main.m */ = {isa = PBXFileReference; lastKnownFileType = sourcecode.c.objc; path = main.m; sourceTree = "<group>"; };
		5EF579F017A8D7F700035368 /* Renvela-Prefix.pch */ = {isa = PBXFileReference; lastKnownFileType = sourcecode.c.h; path = "Renvela-Prefix.pch"; sourceTree = "<group>"; };
		5EF579F117A8D7F700035368 /* AppDelegate.h */ = {isa = PBXFileReference; lastKnownFileType = sourcecode.c.h; path = AppDelegate.h; sourceTree = "<group>"; };
		5EF579F217A8D7F700035368 /* AppDelegate.m */ = {isa = PBXFileReference; lastKnownFileType = sourcecode.c.objc; path = AppDelegate.m; sourceTree = "<group>"; };
		5EF579F417A8D7F700035368 /* Default.png */ = {isa = PBXFileReference; lastKnownFileType = image.png; path = Default.png; sourceTree = "<group>"; };
		5EF579F617A8D7F700035368 /* Default@2x.png */ = {isa = PBXFileReference; lastKnownFileType = image.png; path = "Default@2x.png"; sourceTree = "<group>"; };
		5EF579F817A8D7F700035368 /* Default-568h@2x.png */ = {isa = PBXFileReference; lastKnownFileType = image.png; path = "Default-568h@2x.png"; sourceTree = "<group>"; };
		5EF579FA17A8D7F700035368 /* ViewController.h */ = {isa = PBXFileReference; lastKnownFileType = sourcecode.c.h; path = ViewController.h; sourceTree = "<group>"; };
		5EF579FB17A8D7F700035368 /* ViewController.m */ = {isa = PBXFileReference; lastKnownFileType = sourcecode.c.objc; path = ViewController.m; sourceTree = "<group>"; };
		5EF579FE17A8D7F700035368 /* en */ = {isa = PBXFileReference; lastKnownFileType = file.xib; name = en; path = en.lproj/ViewController.xib; sourceTree = "<group>"; };
/* End PBXFileReference section */

/* Begin PBXFrameworksBuildPhase section */
		5EF579DC17A8D7F700035368 /* Frameworks */ = {
			isa = PBXFrameworksBuildPhase;
			buildActionMask = 2147483647;
			files = (
				5EF579E317A8D7F700035368 /* UIKit.framework in Frameworks */,
				5EF579E517A8D7F700035368 /* Foundation.framework in Frameworks */,
				5EF579E717A8D7F700035368 /* CoreGraphics.framework in Frameworks */,
			);
			runOnlyForDeploymentPostprocessing = 0;
		};
/* End PBXFrameworksBuildPhase section */

/* Begin PBXGroup section */
		5EF579D617A8D7F700035368 = {
			isa = PBXGroup;
			children = (
				5EF579E817A8D7F700035368 /* Renvela */,
				5EF579E117A8D7F700035368 /* Frameworks */,
				5EF579E017A8D7F700035368 /* Products */,
			);
			sourceTree = "<group>";
		};
		5EF579E017A8D7F700035368 /* Products */ = {
			isa = PBXGroup;
			children = (
				5EF579DF17A8D7F700035368 /* Renvela.app */,
			);
			name = Products;
			sourceTree = "<group>";
		};
		5EF579E117A8D7F700035368 /* Frameworks */ = {
			isa = PBXGroup;
			children = (
				5EF579E217A8D7F700035368 /* UIKit.framework */,
				5EF579E417A8D7F700035368 /* Foundation.framework */,
				5EF579E617A8D7F700035368 /* CoreGraphics.framework */,
			);
			name = Frameworks;
			sourceTree = "<group>";
		};
		5EF579E817A8D7F700035368 /* Renvela */ = {
			isa = PBXGroup;
			children = (
				5EF579F117A8D7F700035368 /* AppDelegate.h */,
				5EF579F217A8D7F700035368 /* AppDelegate.m */,
				5EF579FA17A8D7F700035368 /* ViewController.h */,
				5EF579FB17A8D7F700035368 /* ViewController.m */,
				5EF579FD17A8D7F700035368 /* ViewController.xib */,
				5EF579E917A8D7F700035368 /* Supporting Files */,
			);
			path = Renvela;
			sourceTree = "<group>";
		};
		5EF579E917A8D7F700035368 /* Supporting Files */ = {
			isa = PBXGroup;
			children = (
				5EF579EA17A8D7F700035368 /* Renvela-Info.plist */,
				5EF579EB17A8D7F700035368 /* InfoPlist.strings */,
				5EF579EE17A8D7F700035368 /* main.m */,
				5EF579F017A8D7F700035368 /* Renvela-Prefix.pch */,
				5EF579F417A8D7F700035368 /* Default.png */,
				5EF579F617A8D7F700035368 /* Default@2x.png */,
				5EF579F817A8D7F700035368 /* Default-568h@2x.png */,
			);
			name = "Supporting Files";
			sourceTree = "<group>";
		};
/* End PBXGroup section */

/* Begin PBXNativeTarget section */
		5EF579DE17A8D7F700035368 /* Renvela */ = {
			isa = PBXNativeTarget;
			buildConfigurationList = 5EF57A0217A8D7F700035368 /* Build configuration list for PBXNativeTarget "Renvela" */;
			buildPhases = (
				5EF579DB17A8D7F700035368 /* Sources */,
				5EF579DC17A8D7F700035368 /* Frameworks */,
				5EF579DD17A8D7F700035368 /* Resources */,
			);
			buildRules = (
			);
			dependencies = (
			);
			name = Renvela;
			productName = Renvela;
			productReference = 5EF579DF17A8D7F700035368 /* Renvela.app */;
			productType = "com.apple.product-type.application";
		};
/* End PBXNativeTarget section */

/* Begin PBXProject section */
		5EF579D717A8D7F700035368 /* Project object */ = {
			isa = PBXProject;
			attributes = {
				LastUpgradeCheck = 0460;
				ORGANIZATIONNAME = watermelon;
			};
			buildConfigurationList = 5EF579DA17A8D7F700035368 /* Build configuration list for PBXProject "Renvela" */;
			compatibilityVersion = "Xcode 3.2";
			developmentRegion = English;
			hasScannedForEncodings = 0;
			knownRegions = (
				en,
			);
			mainGroup = 5EF579D617A8D7F700035368;
			productRefGroup = 5EF579E017A8D7F700035368 /* Products */;
			projectDirPath = "";
			projectRoot = "";
			targets = (
				5EF579DE17A8D7F700035368 /* Renvela */,
			);
		};
/* End PBXProject section */

/* Begin PBXResourcesBuildPhase section */
		5EF579DD17A8D7F700035368 /* Resources */ = {
			isa = PBXResourcesBuildPhase;
			buildActionMask = 2147483647;
			files = (
				5EF579ED17A8D7F700035368 /* InfoPlist.strings in Resources */,
				5EF579F517A8D7F700035368 /* Default.png in Resources */,
				5EF579F717A8D7F700035368 /* Default@2x.png in Resources */,
				5EF579F917A8D7F700035368 /* Default-568h@2x.png in Resources */,
				5EF579FF17A8D7F700035368 /* ViewController.xib in Resources */,
			);
			runOnlyForDeploymentPostprocessing = 0;
		};
/* End PBXResourcesBuildPhase section */

/* Begin PBXSourcesBuildPhase section */
		5EF579DB17A8D7F700035368 /* Sources */ = {
			isa = PBXSourcesBuildPhase;
			buildActionMask = 2147483647;
			files = (
				5EF579EF17A8D7F700035368 /* main.m in Sources */,
				5EF579F317A8D7F700035368 /* AppDelegate.m in Sources */,
				5EF579FC17A8D7F700035368 /* ViewController.m in Sources */,
			);
			runOnlyForDeploymentPostprocessing = 0;
		};
/* End PBXSourcesBuildPhase section */

/* Begin PBXVariantGroup section */
		5EF579EB17A8D7F700035368 /* InfoPlist.strings */ = {
			isa = PBXVariantGroup;
			children = (
				5EF579EC17A8D7F700035368 /* en */,
			);
			name = InfoPlist.strings;
			sourceTree = "<group>";
		};
		5EF579FD17A8D7F700035368 /* ViewController.xib */ = {
			isa = PBXVariantGroup;
			children = (
				5EF579FE17A8D7F700035368 /* en */,
			);
			name = ViewController.xib;
			sourceTree = "<group>";
		};
/* End PBXVariantGroup section */

/* Begin XCBuildConfiguration section */
		5EF57A0017A8D7F700035368 /* Debug */ = {
			isa = XCBuildConfiguration;
			buildSettings = {
				ALWAYS_SEARCH_USER_PATHS = NO;
				CLANG_CXX_LANGUAGE_STANDARD = "gnu++0x";
				CLANG_CXX_LIBRARY = "libc++";
				CLANG_ENABLE_OBJC_ARC = YES;
				CLANG_WARN_CONSTANT_CONVERSION = YES;
				CLANG_WARN_EMPTY_BODY = YES;
				CLANG_WARN_ENUM_CONVERSION = YES;
				CLANG_WARN_INT_CONVERSION = YES;
				CLANG_WARN__DUPLICATE_METHOD_MATCH = YES;
				"CODE_SIGN_IDENTITY[sdk=iphoneos*]" = "iPhone Developer";
				COPY_PHASE_STRIP = NO;
				GCC_C_LANGUAGE_STANDARD = gnu99;
				GCC_DYNAMIC_NO_PIC = NO;
				GCC_OPTIMIZATION_LEVEL = 0;
				GCC_PREPROCESSOR_DEFINITIONS = (
					"DEBUG=1",
					"$(inherited)",
				);
				GCC_SYMBOLS_PRIVATE_EXTERN = NO;
				GCC_WARN_ABOUT_RETURN_TYPE = YES;
				GCC_WARN_UNINITIALIZED_AUTOS = YES;
				GCC_WARN_UNUSED_VARIABLE = YES;
				IPHONEOS_DEPLOYMENT_TARGET = 6.1;
				ONLY_ACTIVE_ARCH = YES;
				SDKROOT = iphoneos;
				TARGETED_DEVICE_FAMILY = 2;
			};
			name = Debug;
		};
		5EF57A0117A8D7F700035368 /* Release */ = {
			isa = XCBuildConfiguration;
			buildSettings = {
				ALWAYS_SEARCH_USER_PATHS = NO;
				CLANG_CXX_LANGUAGE_STANDARD = "gnu++0x";
				CLANG_CXX_LIBRARY = "libc++";
				CLANG_ENABLE_OBJC_ARC = YES;
				CLANG_WARN_CONSTANT_CONVERSION = YES;
				CLANG_WARN_EMPTY_BODY = YES;
				CLANG_WARN_ENUM_CONVERSION = YES;
				CLANG_WARN_INT_CONVERSION = YES;
				CLANG_WARN__DUPLICATE_METHOD_MATCH = YES;
				"CODE_SIGN_IDENTITY[sdk=iphoneos*]" = "iPhone Developer";
				COPY_PHASE_STRIP = YES;
				GCC_C_LANGUAGE_STANDARD = gnu99;
				GCC_WARN_ABOUT_RETURN_TYPE = YES;
				GCC_WARN_UNINITIALIZED_AUTOS = YES;
				GCC_WARN_UNUSED_VARIABLE = YES;
				IPHONEOS_DEPLOYMENT_TARGET = 6.1;
				OTHER_CFLAGS = "-DNS_BLOCK_ASSERTIONS=1";
				SDKROOT = iphoneos;
				TARGETED_DEVICE_FAMILY = 2;
				VALIDATE_PRODUCT = YES;
			};
			name = Release;
		};
		5EF57A0317A8D7F700035368 /* Debug */ = {
			isa = XCBuildConfiguration;
			buildSettings = {
				GCC_PRECOMPILE_PREFIX_HEADER = YES;
				GCC_PREFIX_HEADER = "Renvela/Renvela-Prefix.pch";
				INFOPLIST_FILE = "Renvela/Renvela-Info.plist";
				PRODUCT_NAME = "$(TARGET_NAME)";
				WRAPPER_EXTENSION = app;
			};
			name = Debug;
		};
		5EF57A0417A8D7F700035368 /* Release */ = {
			isa = XCBuildConfiguration;
			buildSettings = {
				GCC_PRECOMPILE_PREFIX_HEADER = YES;
				GCC_PREFIX_HEADER = "Renvela/Renvela-Prefix.pch";
				INFOPLIST_FILE = "Renvela/Renvela-Info.plist";
				PRODUCT_NAME = "$(TARGET_NAME)";
				WRAPPER_EXTENSION = app;
			};
			name = Release;
		};
/* End XCBuildConfiguration section */

/* Begin XCConfigurationList section */
		5EF579DA17A8D7F700035368 /* Build configuration list for PBXProject "Renvela" */ = {
			isa = XCConfigurationList;
			buildConfigurations = (
				5EF57A0017A8D7F700035368 /* Debug */,
				5EF57A0117A8D7F700035368 /* Release */,
			);
			defaultConfigurationIsVisible = 0;
			defaultConfigurationName = Release;
		};
		5EF57A0217A8D7F700035368 /* Build configuration list for PBXNativeTarget "Renvela" */ = {
			isa = XCConfigurationList;
			buildConfigurations = (
				5EF57A0317A8D7F700035368 /* Debug */,
				5EF57A0417A8D7F700035368 /* Release */,
			);
			defaultConfigurationIsVisible = 0;
		};
/* End XCConfigurationList section */
	};
	rootObject = 5EF579D717A8D7F700035368 /* Project object */;
}
